
Microsoft Visual Studio Solution File, Format Version 12.00
# Visual Studio 14
VisualStudioVersion = 14.0.23107.0
MinimumVisualStudioVersion = 10.0.40219.1
Project("{FAE04EC0-301F-11D3-BF4B-00C04F79EFBC}") = "PaintProgram", "PaintProgram\PaintProgram.csproj", "{A3174D17-8E89-4EA0-BF73-EC377EE3BFCF}"
EndProject
Global
	GlobalSection(SolutionConfigurationPlatforms) = preSolution
		Debug|Any CPU = Debug|Any CPU
		Release|Any CPU = Release|Any CPU
	EndGlobalSection
	GlobalSection(ProjectConfigurationPlatforms) = postSolution
		{A3174D17-8E89-4EA0-BF73-EC377EE3BFCF}.Debug|Any CPU.ActiveCfg = Debug|Any CPU
		{A3174D17-8E89-4EA0-BF73-EC377EE3BFCF}.Debug|Any CPU.Build.0 = Debug|Any CPU
		{A3174D17-8E89-4EA0-BF73-EC377EE3BFCF}.Release|Any CPU.ActiveCfg = Release|Any CPU
		{A3174D17-8E89-4EA0-BF73-EC377EE3BFCF}.Release|Any CPU.Build.0 = Release|Any CPU
	EndGlobalSection
	GlobalSection(SolutionProperties) = preSolution
		HideSolutionNode = FALSE
	EndGlobalSection
EndGlobal
